
Microsoft Visual Studio Solution File, Format Version 12.00
# Visual Studio Version 16
VisualStudioVersion = 16.0.30002.166
MinimumVisualStudioVersion = 10.0.40219.1
Project("{FAE04EC0-301F-11D3-BF4B-00C04F79EFBC}") = "FlooringCalculator", "FlooringCalculator\FlooringCalculator.csproj", "{6BB98D2D-1757-414D-9D06-53FED5AA8EAB}"
EndProject
Global
	GlobalSection(SolutionConfigurationPlatforms) = preSolution
		Debug|Any CPU = Debug|Any CPU
		Release|Any CPU = Release|Any CPU
	EndGlobalSection
	GlobalSection(ProjectConfigurationPlatforms) = postSolution
		{6BB98D2D-1757-414D-9D06-53FED5AA8EAB}.Debug|Any CPU.ActiveCfg = Debug|Any CPU
		{6BB98D2D-1757-414D-9D06-53FED5AA8EAB}.Debug|Any CPU.Build.0 = Debug|Any CPU
		{6BB98D2D-1757-414D-9D06-53FED5AA8EAB}.Release|Any CPU.ActiveCfg = Release|Any CPU
		{6BB98D2D-1757-414D-9D06-53FED5AA8EAB}.Release|Any CPU.Build.0 = Release|Any CPU
	EndGlobalSection
	GlobalSection(SolutionProperties) = preSolution
		HideSolutionNode = FALSE
	EndGlobalSection
	GlobalSection(ExtensibilityGlobals) = postSolution
		SolutionGuid = {90121606-1D00-4BE2-B86A-19D0A54D8039}
	EndGlobalSection
EndGlobal
